
Microsoft Visual Studio Solution File, Format Version 12.00
Project("{FAE04EC0-301F-11D3-BF4B-00C04F79EFBC}") = "FluentFormBuilder", "src\FluentFormBuilder.csproj", "{0409F4CA-64E4-4DAB-82BE-1792FEC00540}"
EndProject
Project("{FAE04EC0-301F-11D3-BF4B-00C04F79EFBC}") = "FluentFormBuilder.Tests", "tests\FluentFormBuilder.Tests.csproj", "{D36E7BFE-A834-4D62-A616-F89922175758}"
EndProject
Global
	GlobalSection(SolutionConfigurationPlatforms) = preSolution
		Debug|Any CPU = Debug|Any CPU
		Release|Any CPU = Release|Any CPU
	EndGlobalSection
	GlobalSection(ProjectConfigurationPlatforms) = postSolution
		{0409F4CA-64E4-4DAB-82BE-1792FEC00540}.Debug|Any CPU.ActiveCfg = Debug|Any CPU
		{0409F4CA-64E4-4DAB-82BE-1792FEC00540}.Debug|Any CPU.Build.0 = Debug|Any CPU
		{0409F4CA-64E4-4DAB-82BE-1792FEC00540}.Release|Any CPU.ActiveCfg = Release|Any CPU
		{0409F4CA-64E4-4DAB-82BE-1792FEC00540}.Release|Any CPU.Build.0 = Release|Any CPU
		{D36E7BFE-A834-4D62-A616-F89922175758}.Debug|Any CPU.ActiveCfg = Debug|Any CPU
		{D36E7BFE-A834-4D62-A616-F89922175758}.Debug|Any CPU.Build.0 = Debug|Any CPU
		{D36E7BFE-A834-4D62-A616-F89922175758}.Release|Any CPU.ActiveCfg = Release|Any CPU
		{D36E7BFE-A834-4D62-A616-F89922175758}.Release|Any CPU.Build.0 = Release|Any CPU
	EndGlobalSection
EndGlobal
